
Microsoft Visual Studio Solution File, Format Version 12.00
# Visual Studio Version 17
VisualStudioVersion = 17.6.33815.320
MinimumVisualStudioVersion = 10.0.40219.1
Project("{FAE04EC0-301F-11D3-BF4B-00C04F79EFBC}") = "FinAd", "FinAd\FinAd.csproj", "{C9BB25E6-CF2E-44C1-A16F-D542349A3BE2}"
EndProject
Global
	GlobalSection(SolutionConfigurationPlatforms) = preSolution
		Debug|Any CPU = Debug|Any CPU
		Release|Any CPU = Release|Any CPU
	EndGlobalSection
	GlobalSection(ProjectConfigurationPlatforms) = postSolution
		{C9BB25E6-CF2E-44C1-A16F-D542349A3BE2}.Debug|Any CPU.ActiveCfg = Debug|Any CPU
		{C9BB25E6-CF2E-44C1-A16F-D542349A3BE2}.Debug|Any CPU.Build.0 = Debug|Any CPU
		{C9BB25E6-CF2E-44C1-A16F-D542349A3BE2}.Release|Any CPU.ActiveCfg = Release|Any CPU
		{C9BB25E6-CF2E-44C1-A16F-D542349A3BE2}.Release|Any CPU.Build.0 = Release|Any CPU
	EndGlobalSection
	GlobalSection(SolutionProperties) = preSolution
		HideSolutionNode = FALSE
	EndGlobalSection
	GlobalSection(ExtensibilityGlobals) = postSolution
		SolutionGuid = {20AE1D2D-ED6F-4B93-A8E9-3B07F01B82B9}
	EndGlobalSection
EndGlobal
